schema: '2.0'
stages:
  preprocessing:
    cmd: python src/preprocessing_augmentation.py
    deps:
    - path: data/FER2013
      md5: 3a60a2cf7073f0e142e1fc108e6f7949.dir
      size: 56510189
      nfiles: 35887
    params:
      params.yaml:
        prepare_phase.seed: 42
    outs:
    - path: data/preprocessed
      md5: 1d06b0c9cc13a1db4e33c12ceece85c8.dir
      size: 61572962
      nfiles: 39811
  train:
    cmd: python src/train.py
    deps:
    - path: data/preprocessed
      md5: 1d06b0c9cc13a1db4e33c12ceece85c8.dir
      size: 61572962
      nfiles: 39811
    - path: src/train.py
      md5: 0c3de83188169c938252be871b438162
      size: 4645
    params:
      params.yaml:
        train.batch_size: 117
        train.decay: 1e-06
        train.learning_rate: 0.00013238750254462205
        train.n_epoch: 46
        train.seed: 142
    outs:
    - path: model/emotion_model.h5
      md5: cf06aa09d957270724b6c43495359340
      size: 5318224
    - path: model/emotion_model.json
      md5: 836970409f79319fd9b26bb730171f77
      size: 8993
  evaluation:
    cmd: python src/evaluation.py
    deps:
    - path: data/preprocessed
      md5: 1d06b0c9cc13a1db4e33c12ceece85c8.dir
      size: 61572962
      nfiles: 39811
    - path: model/emotion_model.h5
      md5: cf06aa09d957270724b6c43495359340
      size: 5318224
    - path: model/emotion_model.json
      md5: 836970409f79319fd9b26bb730171f77
      size: 8993
    params:
      params.yaml:
        test.seed: 145
